Microsoft Visual Studio Solution File, Format Version 12.00
# Visual Studio Version 17
VisualStudioVersion = 17.5.2.0
MinimumVisualStudioVersion = 10.0.40219.1
Project("{FAE04EC0-301F-11D3-BF4B-00C04F79EFBC}") = "UniCodeProject.API", "UniCodeProject.API.csproj", "{48DBBD2D-7168-204C-180F-AAA13AF3A633}"
EndProject
Global
	GlobalSection(SolutionConfigurationPlatforms) = preSolution
		Debug|Any CPU = Debug|Any CPU
		Release|Any CPU = Release|Any CPU
	EndGlobalSection
	GlobalSection(ProjectConfigurationPlatforms) = postSolution
		{48DBBD2D-7168-204C-180F-AAA13AF3A633}.Debug|Any CPU.ActiveCfg = Debug|Any CPU
		{48DBBD2D-7168-204C-180F-AAA13AF3A633}.Debug|Any CPU.Build.0 = Debug|Any CPU
		{48DBBD2D-7168-204C-180F-AAA13AF3A633}.Release|Any CPU.ActiveCfg = Release|Any CPU
		{48DBBD2D-7168-204C-180F-AAA13AF3A633}.Release|Any CPU.Build.0 = Release|Any CPU
	EndGlobalSection
	GlobalSection(SolutionProperties) = preSolution
		HideSolutionNode = FALSE
	EndGlobalSection
	GlobalSection(ExtensibilityGlobals) = postSolution
		SolutionGuid = {F9D9477E-4F38-40A2-92EF-9190E572B359}
	EndGlobalSection
EndGlobal
